
Microsoft Visual Studio Solution File, Format Version 12.00
Project("{FAE04EC0-301F-11D3-BF4B-00C04F79EFBC}") = "RipFeijao", "RipFeijao.csproj", "{0CEBE9EB-5880-49F0-A6AC-8001BC858064}"
EndProject
Global
	GlobalSection(SolutionConfigurationPlatforms) = preSolution
		Debug|Any CPU = Debug|Any CPU
		Release|Any CPU = Release|Any CPU
	EndGlobalSection
	GlobalSection(ProjectConfigurationPlatforms) = postSolution
		{0CEBE9EB-5880-49F0-A6AC-8001BC858064}.Debug|Any CPU.ActiveCfg = Debug|Any CPU
		{0CEBE9EB-5880-49F0-A6AC-8001BC858064}.Debug|Any CPU.Build.0 = Debug|Any CPU
		{0CEBE9EB-5880-49F0-A6AC-8001BC858064}.Release|Any CPU.ActiveCfg = Release|Any CPU
		{0CEBE9EB-5880-49F0-A6AC-8001BC858064}.Release|Any CPU.Build.0 = Release|Any CPU
	EndGlobalSection
EndGlobal
